
Microsoft Visual Studio Solution File, Format Version 12.00
# Visual Studio Version 17
VisualStudioVersion = 17.9.34607.119
MinimumVisualStudioVersion = 10.0.40219.1
Project("{8BC9CEB8-8B4A-11D0-8D11-00A0C91BC942}") = "paradigmaoop", "paradigmaoop\paradigmaoop.vcxproj", "{21D735A5-3581-4CC9-A229-D21940B18C66}"
EndProject
Project("{8BC9CEB8-8B4A-11D0-8D11-00A0C91BC942}") = "composition", "composition\composition.vcxproj", "{4DDA1C31-3147-42E8-83F5-043DA22DCB6E}"
EndProject
Project("{8BC9CEB8-8B4A-11D0-8D11-00A0C91BC942}") = "agregasi", "agregasi\agregasi.vcxproj", "{13D47014-73A9-4D1D-AF2F-B2B70ECB2C98}"
EndProject
Project("{8BC9CEB8-8B4A-11D0-8D11-00A0C91BC942}") = "asosiasi", "asosiasi\asosiasi.vcxproj", "{A0D76BE8-0479-4650-AE36-179B72523A31}"
EndProject
Project("{8BC9CEB8-8B4A-11D0-8D11-00A0C91BC942}") = "inheritance", "inheritance\inheritance.vcxproj", "{01A72048-693C-4CF5-8785-682FABEB73FC}"
EndProject
Global
	GlobalSection(SolutionConfigurationPlatforms) = preSolution
		Debug|x64 = Debug|x64
		Debug|x86 = Debug|x86
		Release|x64 = Release|x64
		Release|x86 = Release|x86
	EndGlobalSection
	GlobalSection(ProjectConfigurationPlatforms) = postSolution
		{21D735A5-3581-4CC9-A229-D21940B18C66}.Debug|x64.ActiveCfg = Debug|x64
		{21D735A5-3581-4CC9-A229-D21940B18C66}.Debug|x64.Build.0 = Debug|x64
		{21D735A5-3581-4CC9-A229-D21940B18C66}.Debug|x86.ActiveCfg = Debug|Win32
		{21D735A5-3581-4CC9-A229-D21940B18C66}.Debug|x86.Build.0 = Debug|Win32
		{21D735A5-3581-4CC9-A229-D21940B18C66}.Release|x64.ActiveCfg = Release|x64
		{21D735A5-3581-4CC9-A229-D21940B18C66}.Release|x64.Build.0 = Release|x64
		{21D735A5-3581-4CC9-A229-D21940B18C66}.Release|x86.ActiveCfg = Release|Win32
		{21D735A5-3581-4CC9-A229-D21940B18C66}.Release|x86.Build.0 = Release|Win32
		{4DDA1C31-3147-42E8-83F5-043DA22DCB6E}.Debug|x64.ActiveCfg = Debug|x64
		{4DDA1C31-3147-42E8-83F5-043DA22DCB6E}.Debug|x64.Build.0 = Debug|x64
		{4DDA1C31-3147-42E8-83F5-043DA22DCB6E}.Debug|x86.ActiveCfg = Debug|Win32
		{4DDA1C31-3147-42E8-83F5-043DA22DCB6E}.Debug|x86.Build.0 = Debug|Win32
		{4DDA1C31-3147-42E8-83F5-043DA22DCB6E}.Release|x64.ActiveCfg = Release|x64
		{4DDA1C31-3147-42E8-83F5-043DA22DCB6E}.Release|x64.Build.0 = Release|x64
		{4DDA1C31-3147-42E8-83F5-043DA22DCB6E}.Release|x86.ActiveCfg = Release|Win32
		{4DDA1C31-3147-42E8-83F5-043DA22DCB6E}.Release|x86.Build.0 = Release|Win32
		{13D47014-73A9-4D1D-AF2F-B2B70ECB2C98}.Debug|x64.ActiveCfg = Debug|x64
		{13D47014-73A9-4D1D-AF2F-B2B70ECB2C98}.Debug|x64.Build.0 = Debug|x64
		{13D47014-73A9-4D1D-AF2F-B2B70ECB2C98}.Debug|x86.ActiveCfg = Debug|Win32
		{13D47014-73A9-4D1D-AF2F-B2B70ECB2C98}.Debug|x86.Build.0 = Debug|Win32
		{13D47014-73A9-4D1D-AF2F-B2B70ECB2C98}.Release|x64.ActiveCfg = Release|x64
		{13D47014-73A9-4D1D-AF2F-B2B70ECB2C98}.Release|x64.Build.0 = Release|x64
		{13D47014-73A9-4D1D-AF2F-B2B70ECB2C98}.Release|x86.ActiveCfg = Release|Win32
		{13D47014-73A9-4D1D-AF2F-B2B70ECB2C98}.Release|x86.Build.0 = Release|Win32
		{A0D76BE8-0479-4650-AE36-179B72523A31}.Debug|x64.ActiveCfg = Debug|x64
		{A0D76BE8-0479-4650-AE36-179B72523A31}.Debug|x64.Build.0 = Debug|x64
		{A0D76BE8-0479-4650-AE36-179B72523A31}.Debug|x86.ActiveCfg = Debug|Win32
		{A0D76BE8-0479-4650-AE36-179B72523A31}.Debug|x86.Build.0 = Debug|Win32
		{A0D76BE8-0479-4650-AE36-179B72523A31}.Release|x64.ActiveCfg = Release|x64
		{A0D76BE8-0479-4650-AE36-179B72523A31}.Release|x64.Build.0 = Release|x64
		{A0D76BE8-0479-4650-AE36-179B72523A31}.Release|x86.ActiveCfg = Release|Win32
		{A0D76BE8-0479-4650-AE36-179B72523A31}.Release|x86.Build.0 = Release|Win32
		{01A72048-693C-4CF5-8785-682FABEB73FC}.Debug|x64.ActiveCfg = Debug|x64
		{01A72048-693C-4CF5-8785-682FABEB73FC}.Debug|x64.Build.0 = Debug|x64
		{01A72048-693C-4CF5-8785-682FABEB73FC}.Debug|x86.ActiveCfg = Debug|Win32
		{01A72048-693C-4CF5-8785-682FABEB73FC}.Debug|x86.Build.0 = Debug|Win32
		{01A72048-693C-4CF5-8785-682FABEB73FC}.Release|x64.ActiveCfg = Release|x64
		{01A72048-693C-4CF5-8785-682FABEB73FC}.Release|x64.Build.0 = Release|x64
		{01A72048-693C-4CF5-8785-682FABEB73FC}.Release|x86.ActiveCfg = Release|Win32
		{01A72048-693C-4CF5-8785-682FABEB73FC}.Release|x86.Build.0 = Release|Win32
	EndGlobalSection
	GlobalSection(SolutionProperties) = preSolution
		HideSolutionNode = FALSE
	EndGlobalSection
	GlobalSection(ExtensibilityGlobals) = postSolution
		SolutionGuid = {2BAB9345-1768-4D20-89D8-7C863D2293FF}
	EndGlobalSection
EndGlobal
